
Microsoft Visual Studio Solution File, Format Version 12.00
# Visual Studio Version 16
VisualStudioVersion = 16.0.30114.105
MinimumVisualStudioVersion = 10.0.40219.1
Project("{FAE04EC0-301F-11D3-BF4B-00C04F79EFBC}") = "Json2CSharp", "Json2CSharp\Json2CSharp.csproj", "{15582786-06BD-43B4-B42C-609281F08E26}"
EndProject
Project("{2150E333-8FDC-42A3-9474-1A3956D46DE8}") = "Solution Items", "Solution Items", "{AAB90E6C-C464-4F1D-8D15-64BFE59E9089}"
	ProjectSection(SolutionItems) = preProject
		README.md = README.md
	EndProjectSection
EndProject
Global
	GlobalSection(SolutionConfigurationPlatforms) = preSolution
		Debug|Any CPU = Debug|Any CPU
		Release|Any CPU = Release|Any CPU
	EndGlobalSection
	GlobalSection(ProjectConfigurationPlatforms) = postSolution
		{15582786-06BD-43B4-B42C-609281F08E26}.Debug|Any CPU.ActiveCfg = Debug|Any CPU
		{15582786-06BD-43B4-B42C-609281F08E26}.Debug|Any CPU.Build.0 = Debug|Any CPU
		{15582786-06BD-43B4-B42C-609281F08E26}.Release|Any CPU.ActiveCfg = Release|Any CPU
		{15582786-06BD-43B4-B42C-609281F08E26}.Release|Any CPU.Build.0 = Release|Any CPU
	EndGlobalSection
	GlobalSection(SolutionProperties) = preSolution
		HideSolutionNode = FALSE
	EndGlobalSection
	GlobalSection(ExtensibilityGlobals) = postSolution
		SolutionGuid = {7BAEE951-2003-4E86-8DF7-AD8C13522640}
	EndGlobalSection
EndGlobal
